
Microsoft Visual Studio Solution File, Format Version 12.00
# Visual Studio Version 17
VisualStudioVersion = 17.14.36414.22 d17.14
MinimumVisualStudioVersion = 10.0.40219.1
Project("{FAE04EC0-301F-11D3-BF4B-00C04F79EFBC}") = "RetourDuMarche", "RetourDuMarche\RetourDuMarche.csproj", "{2211AC84-9685-4261-BC5D-BC3FDE2CEC0B}"
EndProject
Global
	GlobalSection(SolutionConfigurationPlatforms) = preSolution
		Debug|Any CPU = Debug|Any CPU
		Release|Any CPU = Release|Any CPU
	EndGlobalSection
	GlobalSection(ProjectConfigurationPlatforms) = postSolution
		{2211AC84-9685-4261-BC5D-BC3FDE2CEC0B}.Debug|Any CPU.ActiveCfg = Debug|Any CPU
		{2211AC84-9685-4261-BC5D-BC3FDE2CEC0B}.Debug|Any CPU.Build.0 = Debug|Any CPU
		{2211AC84-9685-4261-BC5D-BC3FDE2CEC0B}.Release|Any CPU.ActiveCfg = Release|Any CPU
		{2211AC84-9685-4261-BC5D-BC3FDE2CEC0B}.Release|Any CPU.Build.0 = Release|Any CPU
	EndGlobalSection
	GlobalSection(SolutionProperties) = preSolution
		HideSolutionNode = FALSE
	EndGlobalSection
	GlobalSection(ExtensibilityGlobals) = postSolution
		SolutionGuid = {BFECA1B4-56C3-4331-8CF7-15A51D2248C3}
	EndGlobalSection
EndGlobal
