
Microsoft Visual Studio Solution File, Format Version 12.00
# Visual Studio Version 17
VisualStudioVersion = 17.14.36414.22 d17.14
MinimumVisualStudioVersion = 10.0.40219.1
Project("{FAE04EC0-301F-11D3-BF4B-00C04F79EFBC}") = "retourDuMarcheApp", "retourDuMarcheApp\retourDuMarcheApp.csproj", "{DB08B479-624A-4A3C-AC40-7D313562354C}"
EndProject
Global
	GlobalSection(SolutionConfigurationPlatforms) = preSolution
		Debug|Any CPU = Debug|Any CPU
		Release|Any CPU = Release|Any CPU
	EndGlobalSection
	GlobalSection(ProjectConfigurationPlatforms) = postSolution
		{DB08B479-624A-4A3C-AC40-7D313562354C}.Debug|Any CPU.ActiveCfg = Debug|Any CPU
		{DB08B479-624A-4A3C-AC40-7D313562354C}.Debug|Any CPU.Build.0 = Debug|Any CPU
		{DB08B479-624A-4A3C-AC40-7D313562354C}.Release|Any CPU.ActiveCfg = Release|Any CPU
		{DB08B479-624A-4A3C-AC40-7D313562354C}.Release|Any CPU.Build.0 = Release|Any CPU
	EndGlobalSection
	GlobalSection(SolutionProperties) = preSolution
		HideSolutionNode = FALSE
	EndGlobalSection
	GlobalSection(ExtensibilityGlobals) = postSolution
		SolutionGuid = {9BB7E5CF-B324-45E9-A55E-2EFF08B4BDCC}
	EndGlobalSection
EndGlobal
