
Microsoft Visual Studio Solution File, Format Version 12.00
# Visual Studio Version 17
VisualStudioVersion = 17.9.34622.214
MinimumVisualStudioVersion = 10.0.40219.1
Project("{FAE04EC0-301F-11D3-BF4B-00C04F79EFBC}") = "ncduExo", "ncduExo\ncduExo.csproj", "{E5087E22-2FC0-4E47-BFAE-27551D0EEB10}"
EndProject
Global
	GlobalSection(SolutionConfigurationPlatforms) = preSolution
		Debug|Any CPU = Debug|Any CPU
		Release|Any CPU = Release|Any CPU
	EndGlobalSection
	GlobalSection(ProjectConfigurationPlatforms) = postSolution
		{E5087E22-2FC0-4E47-BFAE-27551D0EEB10}.Debug|Any CPU.ActiveCfg = Debug|Any CPU
		{E5087E22-2FC0-4E47-BFAE-27551D0EEB10}.Debug|Any CPU.Build.0 = Debug|Any CPU
		{E5087E22-2FC0-4E47-BFAE-27551D0EEB10}.Release|Any CPU.ActiveCfg = Release|Any CPU
		{E5087E22-2FC0-4E47-BFAE-27551D0EEB10}.Release|Any CPU.Build.0 = Release|Any CPU
	EndGlobalSection
	GlobalSection(SolutionProperties) = preSolution
		HideSolutionNode = FALSE
	EndGlobalSection
	GlobalSection(ExtensibilityGlobals) = postSolution
		SolutionGuid = {DA703A75-6C9D-4F2E-ACB4-A11126AB961B}
	EndGlobalSection
EndGlobal
