
Microsoft Visual Studio Solution File, Format Version 12.00
# Visual Studio Version 17
VisualStudioVersion = 17.14.36414.22 d17.14
MinimumVisualStudioVersion = 10.0.40219.1
Project("{FAE04EC0-301F-11D3-BF4B-00C04F79EFBC}") = "Step3", "Step3\Step3.csproj", "{D7C011F7-527C-4D80-9011-0EDE93E4458D}"
EndProject
Global
	GlobalSection(SolutionConfigurationPlatforms) = preSolution
		Debug|Any CPU = Debug|Any CPU
		Release|Any CPU = Release|Any CPU
	EndGlobalSection
	GlobalSection(ProjectConfigurationPlatforms) = postSolution
		{D7C011F7-527C-4D80-9011-0EDE93E4458D}.Debug|Any CPU.ActiveCfg = Debug|Any CPU
		{D7C011F7-527C-4D80-9011-0EDE93E4458D}.Debug|Any CPU.Build.0 = Debug|Any CPU
		{D7C011F7-527C-4D80-9011-0EDE93E4458D}.Release|Any CPU.ActiveCfg = Release|Any CPU
		{D7C011F7-527C-4D80-9011-0EDE93E4458D}.Release|Any CPU.Build.0 = Release|Any CPU
	EndGlobalSection
	GlobalSection(SolutionProperties) = preSolution
		HideSolutionNode = FALSE
	EndGlobalSection
	GlobalSection(ExtensibilityGlobals) = postSolution
		SolutionGuid = {B0937F80-11BE-479E-962D-8EC3C6C75854}
	EndGlobalSection
EndGlobal
